
Microsoft Visual Studio Solution File, Format Version 12.00
# Visual Studio 15
VisualStudioVersion = 15.0.27004.2002
MinimumVisualStudioVersion = 10.0.40219.1
Project("{FAE04EC0-301F-11D3-BF4B-00C04F79EFBC}") = "Kode project", "Kode project\Kode project.csproj", "{CB1E8336-9469-4BC5-8C61-14D9269548ED}"
EndProject
Project("{FAE04EC0-301F-11D3-BF4B-00C04F79EFBC}") = "UnitTestProject1", "UnitTestProject1\UnitTestProject1.csproj", "{F59D25DE-2C15-424B-A6F0-A36E3642E9B3}"
EndProject
Project("{FAE04EC0-301F-11D3-BF4B-00C04F79EFBC}") = "task6862", "task6862\task6862.csproj", "{F5108FB5-7540-46F3-AF59-D643EC7EB697}"
EndProject
Project("{FAE04EC0-301F-11D3-BF4B-00C04F79EFBC}") = "task1212", "task1212\task1212.csproj", "{604B9A87-2378-48BC-827E-A0DDE8B8ED84}"
EndProject
Project("{FAE04EC0-301F-11D3-BF4B-00C04F79EFBC}") = "task5081", "task5081\task5081.csproj", "{F7E08947-9760-42BA-AF79-C202777F5CD1}"
EndProject
Project("{FAE04EC0-301F-11D3-BF4B-00C04F79EFBC}") = "task9472", "task9472\task9472.csproj", "{008BBAB0-659C-413D-9DB3-424A85AB9E43}"
EndProject
Project("{FAE04EC0-301F-11D3-BF4B-00C04F79EFBC}") = "task5032", "task5032\task5032.csproj", "{132B40FC-8E44-4C0C-AD5D-D765B9D785B5}"
EndProject
Project("{FAE04EC0-301F-11D3-BF4B-00C04F79EFBC}") = "Лаб15.1", "Лаб15.1\Лаб15.1.csproj", "{CEC8B037-936F-4F21-8DB8-908BE70F3895}"
EndProject
Project("{FAE04EC0-301F-11D3-BF4B-00C04F79EFBC}") = "Лаб15.2", "Лаб15.2\Лаб15.2.csproj", "{FD5DDC51-5025-4574-9295-1B80BA9CE9E8}"
EndProject
Project("{FAE04EC0-301F-11D3-BF4B-00C04F79EFBC}") = "Лаб15.3", "Лаб15.3\Лаб15.3.csproj", "{44CDABA6-D4A6-4AFA-B9C0-49D9E482F7C2}"
EndProject
Project("{FAE04EC0-301F-11D3-BF4B-00C04F79EFBC}") = "15.4", "15.4\15.4.csproj", "{43603154-35CF-43C0-9BDE-8D5CAD99953A}"
EndProject
Project("{FAE04EC0-301F-11D3-BF4B-00C04F79EFBC}") = "15.6", "15.6\15.6.csproj", "{A0018A78-BB74-4BCC-8005-5E2C50AFA4D8}"
EndProject
Project("{FAE04EC0-301F-11D3-BF4B-00C04F79EFBC}") = "15.5", "15.5\15.5.csproj", "{67BC8AE3-A2C6-4916-912D-CBB4FDD78510}"
EndProject
Project("{FAE04EC0-301F-11D3-BF4B-00C04F79EFBC}") = "15.7", "15.7\15.7.csproj", "{D3F52A06-6D3F-4B2F-AE93-8E967A690114}"
EndProject
Global
	GlobalSection(SolutionConfigurationPlatforms) = preSolution
		Debug|Any CPU = Debug|Any CPU
		Release|Any CPU = Release|Any CPU
	EndGlobalSection
	GlobalSection(ProjectConfigurationPlatforms) = postSolution
		{CB1E8336-9469-4BC5-8C61-14D9269548ED}.Debug|Any CPU.ActiveCfg = Debug|Any CPU
		{CB1E8336-9469-4BC5-8C61-14D9269548ED}.Debug|Any CPU.Build.0 = Debug|Any CPU
		{CB1E8336-9469-4BC5-8C61-14D9269548ED}.Release|Any CPU.ActiveCfg = Release|Any CPU
		{CB1E8336-9469-4BC5-8C61-14D9269548ED}.Release|Any CPU.Build.0 = Release|Any CPU
		{F59D25DE-2C15-424B-A6F0-A36E3642E9B3}.Debug|Any CPU.ActiveCfg = Debug|Any CPU
		{F59D25DE-2C15-424B-A6F0-A36E3642E9B3}.Debug|Any CPU.Build.0 = Debug|Any CPU
		{F59D25DE-2C15-424B-A6F0-A36E3642E9B3}.Release|Any CPU.ActiveCfg = Release|Any CPU
		{F59D25DE-2C15-424B-A6F0-A36E3642E9B3}.Release|Any CPU.Build.0 = Release|Any CPU
		{F5108FB5-7540-46F3-AF59-D643EC7EB697}.Debug|Any CPU.ActiveCfg = Debug|Any CPU
		{F5108FB5-7540-46F3-AF59-D643EC7EB697}.Debug|Any CPU.Build.0 = Debug|Any CPU
		{F5108FB5-7540-46F3-AF59-D643EC7EB697}.Release|Any CPU.ActiveCfg = Release|Any CPU
		{F5108FB5-7540-46F3-AF59-D643EC7EB697}.Release|Any CPU.Build.0 = Release|Any CPU
		{604B9A87-2378-48BC-827E-A0DDE8B8ED84}.Debug|Any CPU.ActiveCfg = Debug|Any CPU
		{604B9A87-2378-48BC-827E-A0DDE8B8ED84}.Debug|Any CPU.Build.0 = Debug|Any CPU
		{604B9A87-2378-48BC-827E-A0DDE8B8ED84}.Release|Any CPU.ActiveCfg = Release|Any CPU
		{604B9A87-2378-48BC-827E-A0DDE8B8ED84}.Release|Any CPU.Build.0 = Release|Any CPU
		{F7E08947-9760-42BA-AF79-C202777F5CD1}.Debug|Any CPU.ActiveCfg = Debug|Any CPU
		{F7E08947-9760-42BA-AF79-C202777F5CD1}.Debug|Any CPU.Build.0 = Debug|Any CPU
		{F7E08947-9760-42BA-AF79-C202777F5CD1}.Release|Any CPU.ActiveCfg = Release|Any CPU
		{F7E08947-9760-42BA-AF79-C202777F5CD1}.Release|Any CPU.Build.0 = Release|Any CPU
		{008BBAB0-659C-413D-9DB3-424A85AB9E43}.Debug|Any CPU.ActiveCfg = Debug|Any CPU
		{008BBAB0-659C-413D-9DB3-424A85AB9E43}.Debug|Any CPU.Build.0 = Debug|Any CPU
		{008BBAB0-659C-413D-9DB3-424A85AB9E43}.Release|Any CPU.ActiveCfg = Release|Any CPU
		{008BBAB0-659C-413D-9DB3-424A85AB9E43}.Release|Any CPU.Build.0 = Release|Any CPU
		{132B40FC-8E44-4C0C-AD5D-D765B9D785B5}.Debug|Any CPU.ActiveCfg = Debug|Any CPU
		{132B40FC-8E44-4C0C-AD5D-D765B9D785B5}.Debug|Any CPU.Build.0 = Debug|Any CPU
		{132B40FC-8E44-4C0C-AD5D-D765B9D785B5}.Release|Any CPU.ActiveCfg = Release|Any CPU
		{132B40FC-8E44-4C0C-AD5D-D765B9D785B5}.Release|Any CPU.Build.0 = Release|Any CPU
		{CEC8B037-936F-4F21-8DB8-908BE70F3895}.Debug|Any CPU.ActiveCfg = Debug|Any CPU
		{CEC8B037-936F-4F21-8DB8-908BE70F3895}.Debug|Any CPU.Build.0 = Debug|Any CPU
		{CEC8B037-936F-4F21-8DB8-908BE70F3895}.Release|Any CPU.ActiveCfg = Release|Any CPU
		{CEC8B037-936F-4F21-8DB8-908BE70F3895}.Release|Any CPU.Build.0 = Release|Any CPU
		{FD5DDC51-5025-4574-9295-1B80BA9CE9E8}.Debug|Any CPU.ActiveCfg = Debug|Any CPU
		{FD5DDC51-5025-4574-9295-1B80BA9CE9E8}.Debug|Any CPU.Build.0 = Debug|Any CPU
		{FD5DDC51-5025-4574-9295-1B80BA9CE9E8}.Release|Any CPU.ActiveCfg = Release|Any CPU
		{FD5DDC51-5025-4574-9295-1B80BA9CE9E8}.Release|Any CPU.Build.0 = Release|Any CPU
		{44CDABA6-D4A6-4AFA-B9C0-49D9E482F7C2}.Debug|Any CPU.ActiveCfg = Debug|Any CPU
		{44CDABA6-D4A6-4AFA-B9C0-49D9E482F7C2}.Debug|Any CPU.Build.0 = Debug|Any CPU
		{44CDABA6-D4A6-4AFA-B9C0-49D9E482F7C2}.Release|Any CPU.ActiveCfg = Release|Any CPU
		{44CDABA6-D4A6-4AFA-B9C0-49D9E482F7C2}.Release|Any CPU.Build.0 = Release|Any CPU
		{43603154-35CF-43C0-9BDE-8D5CAD99953A}.Debug|Any CPU.ActiveCfg = Debug|Any CPU
		{43603154-35CF-43C0-9BDE-8D5CAD99953A}.Debug|Any CPU.Build.0 = Debug|Any CPU
		{43603154-35CF-43C0-9BDE-8D5CAD99953A}.Release|Any CPU.ActiveCfg = Release|Any CPU
		{43603154-35CF-43C0-9BDE-8D5CAD99953A}.Release|Any CPU.Build.0 = Release|Any CPU
		{A0018A78-BB74-4BCC-8005-5E2C50AFA4D8}.Debug|Any CPU.ActiveCfg = Debug|Any CPU
		{A0018A78-BB74-4BCC-8005-5E2C50AFA4D8}.Debug|Any CPU.Build.0 = Debug|Any CPU
		{A0018A78-BB74-4BCC-8005-5E2C50AFA4D8}.Release|Any CPU.ActiveCfg = Release|Any CPU
		{A0018A78-BB74-4BCC-8005-5E2C50AFA4D8}.Release|Any CPU.Build.0 = Release|Any CPU
		{67BC8AE3-A2C6-4916-912D-CBB4FDD78510}.Debug|Any CPU.ActiveCfg = Debug|Any CPU
		{67BC8AE3-A2C6-4916-912D-CBB4FDD78510}.Debug|Any CPU.Build.0 = Debug|Any CPU
		{67BC8AE3-A2C6-4916-912D-CBB4FDD78510}.Release|Any CPU.ActiveCfg = Release|Any CPU
		{67BC8AE3-A2C6-4916-912D-CBB4FDD78510}.Release|Any CPU.Build.0 = Release|Any CPU
		{D3F52A06-6D3F-4B2F-AE93-8E967A690114}.Debug|Any CPU.ActiveCfg = Debug|Any CPU
		{D3F52A06-6D3F-4B2F-AE93-8E967A690114}.Debug|Any CPU.Build.0 = Debug|Any CPU
		{D3F52A06-6D3F-4B2F-AE93-8E967A690114}.Release|Any CPU.ActiveCfg = Release|Any CPU
		{D3F52A06-6D3F-4B2F-AE93-8E967A690114}.Release|Any CPU.Build.0 = Release|Any CPU
	EndGlobalSection
	GlobalSection(SolutionProperties) = preSolution
		HideSolutionNode = FALSE
	EndGlobalSection
	GlobalSection(ExtensibilityGlobals) = postSolution
		SolutionGuid = {752415B4-DBD5-4961-802F-95DDCFB04729}
	EndGlobalSection
EndGlobal
