
Microsoft Visual Studio Solution File, Format Version 12.00
# Visual Studio 15
VisualStudioVersion = 15.0.27130.2036
MinimumVisualStudioVersion = 10.0.40219.1
Project("{FAE04EC0-301F-11D3-BF4B-00C04F79EFBC}") = "Задание1", "Задание1\Задание1.csproj", "{78593CC7-CD65-439D-B39A-F9ADFD3FA9A6}"
EndProject
Project("{FAE04EC0-301F-11D3-BF4B-00C04F79EFBC}") = "Задача2", "Задача2\Задача2.csproj", "{1CB090AE-24FC-4B7B-A8E9-35595F2DE2BF}"
EndProject
Project("{FAE04EC0-301F-11D3-BF4B-00C04F79EFBC}") = "Задача3", "Задача3\Задача3.csproj", "{A46827CB-68B9-4033-9B2B-D09AAE521619}"
EndProject
Project("{FAE04EC0-301F-11D3-BF4B-00C04F79EFBC}") = "Задача4", "Задача4\Задача4.csproj", "{CFC32B7F-02BA-4AD2-B967-A2F32C34713E}"
EndProject
Project("{FAE04EC0-301F-11D3-BF4B-00C04F79EFBC}") = "Задача 7", "Задача 7\Задача 7.csproj", "{E474F6E6-2BE4-43DA-BD80-3B99E01C8ACE}"
EndProject
Project("{FAE04EC0-301F-11D3-BF4B-00C04F79EFBC}") = "Задача 8", "Задача 8\Задача 8.csproj", "{7FDE52B6-D6AA-42ED-A4DC-7860619B841E}"
EndProject
Project("{FAE04EC0-301F-11D3-BF4B-00C04F79EFBC}") = "Задача 9", "Задача 9\Задача 9.csproj", "{141BE219-538C-4B4A-A902-934BDE93C6B5}"
EndProject
Project("{FAE04EC0-301F-11D3-BF4B-00C04F79EFBC}") = "Задача 12", "Задача 12\Задача 12.csproj", "{B4A40E78-1459-4CF0-8DFB-14F83832543F}"
EndProject
Project("{FAE04EC0-301F-11D3-BF4B-00C04F79EFBC}") = "Задача 13", "Задача 13\Задача 13.csproj", "{64D3DF5B-2F47-437F-AC29-4ED1C5B6FE26}"
EndProject
Project("{FAE04EC0-301F-11D3-BF4B-00C04F79EFBC}") = "Задание 17", "Задание 17\Задание 17.csproj", "{3AA780FB-935F-4297-AC4C-9B12E77F5ECC}"
EndProject
Project("{FAE04EC0-301F-11D3-BF4B-00C04F79EFBC}") = "задание 21", "задание 21\задание 21.csproj", "{6237AB0A-043B-403F-80F5-08FBE77DEB31}"
EndProject
Project("{FAE04EC0-301F-11D3-BF4B-00C04F79EFBC}") = "Задача 5", "Задача 5\Задача 5.csproj", "{0F72ACB7-AE33-4AA4-A035-88CCD41EDA94}"
EndProject
Project("{FAE04EC0-301F-11D3-BF4B-00C04F79EFBC}") = "Задача 6", "Задача 6\Задача 6.csproj", "{DE8EF3B1-12F7-40F2-AB0E-B03AB5371E1D}"
EndProject
Project("{FAE04EC0-301F-11D3-BF4B-00C04F79EFBC}") = "Задача 10", "Задача 10\Задача 10.csproj", "{B216CA0D-6774-41B7-B590-3E749DFE95E6}"
EndProject
Project("{FAE04EC0-301F-11D3-BF4B-00C04F79EFBC}") = "Задача 11", "Задача 11\Задача 11.csproj", "{B7FA2212-8AD3-4C6F-A780-B1E53DEFA088}"
EndProject
Project("{FAE04EC0-301F-11D3-BF4B-00C04F79EFBC}") = "Задача 14", "Задача 14\Задача 14.csproj", "{D3B1B4E6-C35E-41B1-B854-9AA1BE1E8D7F}"
EndProject
Project("{FAE04EC0-301F-11D3-BF4B-00C04F79EFBC}") = "Задача 15", "Задача 15\Задача 15.csproj", "{3051F16E-C2D0-4AD8-A2DC-5B585D9C33C0}"
EndProject
Project("{FAE04EC0-301F-11D3-BF4B-00C04F79EFBC}") = "Задача 16", "Задача 16\Задача 16.csproj", "{9BE2455C-53F7-4072-B125-E7C2C048A040}"
EndProject
Project("{FAE04EC0-301F-11D3-BF4B-00C04F79EFBC}") = "Задача 18", "Задача 18\Задача 18.csproj", "{0D97A0DF-9206-4914-B700-569CDA6FCBAA}"
EndProject
Project("{FAE04EC0-301F-11D3-BF4B-00C04F79EFBC}") = "Задача 19", "Задача 19\Задача 19.csproj", "{FBAD7609-EC89-4625-8E53-070FC40638A5}"
EndProject
Project("{FAE04EC0-301F-11D3-BF4B-00C04F79EFBC}") = "Задача 20", "Задача 20\Задача 20.csproj", "{1AC688B0-1262-40AD-94E8-E06170284620}"
EndProject
Project("{FAE04EC0-301F-11D3-BF4B-00C04F79EFBC}") = "Задача 22", "Задача 22\Задача 22.csproj", "{6DAC72DB-4DC2-4985-8469-A960E86EF1D9}"
EndProject
Project("{FAE04EC0-301F-11D3-BF4B-00C04F79EFBC}") = "Задача 23", "Задача 23\Задача 23.csproj", "{AAA945B0-297D-450B-9E3B-766B41BEF111}"
EndProject
Project("{FAE04EC0-301F-11D3-BF4B-00C04F79EFBC}") = "Задача 24", "Задача 24\Задача 24.csproj", "{64446B52-7410-448D-9039-336BE9BF0B83}"
EndProject
Project("{FAE04EC0-301F-11D3-BF4B-00C04F79EFBC}") = "Задача 25", "Задача 25\Задача 25.csproj", "{A83F7976-9AD0-41D0-8926-BFFCB372749F}"
EndProject
Project("{FAE04EC0-301F-11D3-BF4B-00C04F79EFBC}") = "Задача 26", "Задача 26\Задача 26.csproj", "{615785E1-344B-49E0-A0B3-26A54D2DDC5F}"
EndProject
Project("{FAE04EC0-301F-11D3-BF4B-00C04F79EFBC}") = "Задача 27", "Задача 27\Задача 27.csproj", "{24A9FFD4-D181-4C83-A7EA-0D3C67306289}"
EndProject
Project("{FAE04EC0-301F-11D3-BF4B-00C04F79EFBC}") = "Задача 28", "Задача 28\Задача 28.csproj", "{DA316BF8-9819-4DBC-A71D-D52E00E23114}"
EndProject
Project("{FAE04EC0-301F-11D3-BF4B-00C04F79EFBC}") = "Задача 29", "Задача 29\Задача 29.csproj", "{9CD6A4DF-26BC-4A7F-B96B-6BB1EC56CBB5}"
EndProject
Project("{FAE04EC0-301F-11D3-BF4B-00C04F79EFBC}") = "Задача 30", "Задача 30\Задача 30.csproj", "{95B609ED-109D-40B1-97A4-B62AEC2DF8A5}"
EndProject
Project("{FAE04EC0-301F-11D3-BF4B-00C04F79EFBC}") = "Задача 31", "Задача 31\Задача 31.csproj", "{38ED57AC-4414-47E4-8FAC-872B02519538}"
EndProject
Project("{FAE04EC0-301F-11D3-BF4B-00C04F79EFBC}") = "Задача 32", "Задача 32\Задача 32.csproj", "{8BFB7975-B821-477C-B113-C73FCBE716B9}"
EndProject
Project("{FAE04EC0-301F-11D3-BF4B-00C04F79EFBC}") = "Задача 33", "Задача 33\Задача 33.csproj", "{332C850A-D9ED-4DA1-957F-7871B4FE3012}"
EndProject
Project("{FAE04EC0-301F-11D3-BF4B-00C04F79EFBC}") = "Задача 34", "Задача 34\Задача 34.csproj", "{47A73FFF-7E4E-434F-8CF4-5DF7446B2700}"
EndProject
Project("{FAE04EC0-301F-11D3-BF4B-00C04F79EFBC}") = "Задача 35", "Задача 35\Задача 35.csproj", "{B8E3C0DE-AC31-4605-8374-732AD5E04350}"
EndProject
Project("{FAE04EC0-301F-11D3-BF4B-00C04F79EFBC}") = "Задача 36", "Задача 36\Задача 36.csproj", "{963E4798-B0DA-4101-8A17-3FBEBA22BAEA}"
EndProject
Project("{FAE04EC0-301F-11D3-BF4B-00C04F79EFBC}") = "Задача 37", "Задача 37\Задача 37.csproj", "{972C2300-A6A3-49DA-A4AC-39B13ABD59AF}"
EndProject
Project("{FAE04EC0-301F-11D3-BF4B-00C04F79EFBC}") = "Задача 38", "Задача 38\Задача 38.csproj", "{E2A61995-EEE6-4659-AD74-AE559174C5EF}"
EndProject
Project("{FAE04EC0-301F-11D3-BF4B-00C04F79EFBC}") = "Задача 39", "Задача 39\Задача 39.csproj", "{9BBC2FC3-9092-4B02-90F9-E68EC18A9BFC}"
EndProject
Project("{FAE04EC0-301F-11D3-BF4B-00C04F79EFBC}") = "Задача 40", "Задача 40\Задача 40.csproj", "{C35509E7-8979-49CD-9604-5609F3E10AB1}"
EndProject
Project("{FAE04EC0-301F-11D3-BF4B-00C04F79EFBC}") = "Задача 41", "Задача 41\Задача 41.csproj", "{8040FB40-3995-4EE9-B643-EAE9CCBE632E}"
EndProject
Global
	GlobalSection(SolutionConfigurationPlatforms) = preSolution
		Debug|Any CPU = Debug|Any CPU
		Release|Any CPU = Release|Any CPU
	EndGlobalSection
	GlobalSection(ProjectConfigurationPlatforms) = postSolution
		{78593CC7-CD65-439D-B39A-F9ADFD3FA9A6}.Debug|Any CPU.ActiveCfg = Debug|Any CPU
		{78593CC7-CD65-439D-B39A-F9ADFD3FA9A6}.Debug|Any CPU.Build.0 = Debug|Any CPU
		{78593CC7-CD65-439D-B39A-F9ADFD3FA9A6}.Release|Any CPU.ActiveCfg = Release|Any CPU
		{78593CC7-CD65-439D-B39A-F9ADFD3FA9A6}.Release|Any CPU.Build.0 = Release|Any CPU
		{1CB090AE-24FC-4B7B-A8E9-35595F2DE2BF}.Debug|Any CPU.ActiveCfg = Debug|Any CPU
		{1CB090AE-24FC-4B7B-A8E9-35595F2DE2BF}.Debug|Any CPU.Build.0 = Debug|Any CPU
		{1CB090AE-24FC-4B7B-A8E9-35595F2DE2BF}.Release|Any CPU.ActiveCfg = Release|Any CPU
		{1CB090AE-24FC-4B7B-A8E9-35595F2DE2BF}.Release|Any CPU.Build.0 = Release|Any CPU
		{A46827CB-68B9-4033-9B2B-D09AAE521619}.Debug|Any CPU.ActiveCfg = Debug|Any CPU
		{A46827CB-68B9-4033-9B2B-D09AAE521619}.Debug|Any CPU.Build.0 = Debug|Any CPU
		{A46827CB-68B9-4033-9B2B-D09AAE521619}.Release|Any CPU.ActiveCfg = Release|Any CPU
		{A46827CB-68B9-4033-9B2B-D09AAE521619}.Release|Any CPU.Build.0 = Release|Any CPU
		{CFC32B7F-02BA-4AD2-B967-A2F32C34713E}.Debug|Any CPU.ActiveCfg = Debug|Any CPU
		{CFC32B7F-02BA-4AD2-B967-A2F32C34713E}.Debug|Any CPU.Build.0 = Debug|Any CPU
		{CFC32B7F-02BA-4AD2-B967-A2F32C34713E}.Release|Any CPU.ActiveCfg = Release|Any CPU
		{CFC32B7F-02BA-4AD2-B967-A2F32C34713E}.Release|Any CPU.Build.0 = Release|Any CPU
		{E474F6E6-2BE4-43DA-BD80-3B99E01C8ACE}.Debug|Any CPU.ActiveCfg = Debug|Any CPU
		{E474F6E6-2BE4-43DA-BD80-3B99E01C8ACE}.Debug|Any CPU.Build.0 = Debug|Any CPU
		{E474F6E6-2BE4-43DA-BD80-3B99E01C8ACE}.Release|Any CPU.ActiveCfg = Release|Any CPU
		{E474F6E6-2BE4-43DA-BD80-3B99E01C8ACE}.Release|Any CPU.Build.0 = Release|Any CPU
		{7FDE52B6-D6AA-42ED-A4DC-7860619B841E}.Debug|Any CPU.ActiveCfg = Debug|Any CPU
		{7FDE52B6-D6AA-42ED-A4DC-7860619B841E}.Debug|Any CPU.Build.0 = Debug|Any CPU
		{7FDE52B6-D6AA-42ED-A4DC-7860619B841E}.Release|Any CPU.ActiveCfg = Release|Any CPU
		{7FDE52B6-D6AA-42ED-A4DC-7860619B841E}.Release|Any CPU.Build.0 = Release|Any CPU
		{141BE219-538C-4B4A-A902-934BDE93C6B5}.Debug|Any CPU.ActiveCfg = Debug|Any CPU
		{141BE219-538C-4B4A-A902-934BDE93C6B5}.Debug|Any CPU.Build.0 = Debug|Any CPU
		{141BE219-538C-4B4A-A902-934BDE93C6B5}.Release|Any CPU.ActiveCfg = Release|Any CPU
		{141BE219-538C-4B4A-A902-934BDE93C6B5}.Release|Any CPU.Build.0 = Release|Any CPU
		{B4A40E78-1459-4CF0-8DFB-14F83832543F}.Debug|Any CPU.ActiveCfg = Debug|Any CPU
		{B4A40E78-1459-4CF0-8DFB-14F83832543F}.Debug|Any CPU.Build.0 = Debug|Any CPU
		{B4A40E78-1459-4CF0-8DFB-14F83832543F}.Release|Any CPU.ActiveCfg = Release|Any CPU
		{B4A40E78-1459-4CF0-8DFB-14F83832543F}.Release|Any CPU.Build.0 = Release|Any CPU
		{64D3DF5B-2F47-437F-AC29-4ED1C5B6FE26}.Debug|Any CPU.ActiveCfg = Debug|Any CPU
		{64D3DF5B-2F47-437F-AC29-4ED1C5B6FE26}.Debug|Any CPU.Build.0 = Debug|Any CPU
		{64D3DF5B-2F47-437F-AC29-4ED1C5B6FE26}.Release|Any CPU.ActiveCfg = Release|Any CPU
		{64D3DF5B-2F47-437F-AC29-4ED1C5B6FE26}.Release|Any CPU.Build.0 = Release|Any CPU
		{3AA780FB-935F-4297-AC4C-9B12E77F5ECC}.Debug|Any CPU.ActiveCfg = Debug|Any CPU
		{3AA780FB-935F-4297-AC4C-9B12E77F5ECC}.Debug|Any CPU.Build.0 = Debug|Any CPU
		{3AA780FB-935F-4297-AC4C-9B12E77F5ECC}.Release|Any CPU.ActiveCfg = Release|Any CPU
		{3AA780FB-935F-4297-AC4C-9B12E77F5ECC}.Release|Any CPU.Build.0 = Release|Any CPU
		{6237AB0A-043B-403F-80F5-08FBE77DEB31}.Debug|Any CPU.ActiveCfg = Debug|Any CPU
		{6237AB0A-043B-403F-80F5-08FBE77DEB31}.Debug|Any CPU.Build.0 = Debug|Any CPU
		{6237AB0A-043B-403F-80F5-08FBE77DEB31}.Release|Any CPU.ActiveCfg = Release|Any CPU
		{6237AB0A-043B-403F-80F5-08FBE77DEB31}.Release|Any CPU.Build.0 = Release|Any CPU
		{0F72ACB7-AE33-4AA4-A035-88CCD41EDA94}.Debug|Any CPU.ActiveCfg = Debug|Any CPU
		{0F72ACB7-AE33-4AA4-A035-88CCD41EDA94}.Debug|Any CPU.Build.0 = Debug|Any CPU
		{0F72ACB7-AE33-4AA4-A035-88CCD41EDA94}.Release|Any CPU.ActiveCfg = Release|Any CPU
		{0F72ACB7-AE33-4AA4-A035-88CCD41EDA94}.Release|Any CPU.Build.0 = Release|Any CPU
		{DE8EF3B1-12F7-40F2-AB0E-B03AB5371E1D}.Debug|Any CPU.ActiveCfg = Debug|Any CPU
		{DE8EF3B1-12F7-40F2-AB0E-B03AB5371E1D}.Debug|Any CPU.Build.0 = Debug|Any CPU
		{DE8EF3B1-12F7-40F2-AB0E-B03AB5371E1D}.Release|Any CPU.ActiveCfg = Release|Any CPU
		{DE8EF3B1-12F7-40F2-AB0E-B03AB5371E1D}.Release|Any CPU.Build.0 = Release|Any CPU
		{B216CA0D-6774-41B7-B590-3E749DFE95E6}.Debug|Any CPU.ActiveCfg = Debug|Any CPU
		{B216CA0D-6774-41B7-B590-3E749DFE95E6}.Debug|Any CPU.Build.0 = Debug|Any CPU
		{B216CA0D-6774-41B7-B590-3E749DFE95E6}.Release|Any CPU.ActiveCfg = Release|Any CPU
		{B216CA0D-6774-41B7-B590-3E749DFE95E6}.Release|Any CPU.Build.0 = Release|Any CPU
		{B7FA2212-8AD3-4C6F-A780-B1E53DEFA088}.Debug|Any CPU.ActiveCfg = Debug|Any CPU
		{B7FA2212-8AD3-4C6F-A780-B1E53DEFA088}.Debug|Any CPU.Build.0 = Debug|Any CPU
		{B7FA2212-8AD3-4C6F-A780-B1E53DEFA088}.Release|Any CPU.ActiveCfg = Release|Any CPU
		{B7FA2212-8AD3-4C6F-A780-B1E53DEFA088}.Release|Any CPU.Build.0 = Release|Any CPU
		{D3B1B4E6-C35E-41B1-B854-9AA1BE1E8D7F}.Debug|Any CPU.ActiveCfg = Debug|Any CPU
		{D3B1B4E6-C35E-41B1-B854-9AA1BE1E8D7F}.Debug|Any CPU.Build.0 = Debug|Any CPU
		{D3B1B4E6-C35E-41B1-B854-9AA1BE1E8D7F}.Release|Any CPU.ActiveCfg = Release|Any CPU
		{D3B1B4E6-C35E-41B1-B854-9AA1BE1E8D7F}.Release|Any CPU.Build.0 = Release|Any CPU
		{3051F16E-C2D0-4AD8-A2DC-5B585D9C33C0}.Debug|Any CPU.ActiveCfg = Debug|Any CPU
		{3051F16E-C2D0-4AD8-A2DC-5B585D9C33C0}.Debug|Any CPU.Build.0 = Debug|Any CPU
		{3051F16E-C2D0-4AD8-A2DC-5B585D9C33C0}.Release|Any CPU.ActiveCfg = Release|Any CPU
		{3051F16E-C2D0-4AD8-A2DC-5B585D9C33C0}.Release|Any CPU.Build.0 = Release|Any CPU
		{9BE2455C-53F7-4072-B125-E7C2C048A040}.Debug|Any CPU.ActiveCfg = Debug|Any CPU
		{9BE2455C-53F7-4072-B125-E7C2C048A040}.Debug|Any CPU.Build.0 = Debug|Any CPU
		{9BE2455C-53F7-4072-B125-E7C2C048A040}.Release|Any CPU.ActiveCfg = Release|Any CPU
		{9BE2455C-53F7-4072-B125-E7C2C048A040}.Release|Any CPU.Build.0 = Release|Any CPU
		{0D97A0DF-9206-4914-B700-569CDA6FCBAA}.Debug|Any CPU.ActiveCfg = Debug|Any CPU
		{0D97A0DF-9206-4914-B700-569CDA6FCBAA}.Debug|Any CPU.Build.0 = Debug|Any CPU
		{0D97A0DF-9206-4914-B700-569CDA6FCBAA}.Release|Any CPU.ActiveCfg = Release|Any CPU
		{0D97A0DF-9206-4914-B700-569CDA6FCBAA}.Release|Any CPU.Build.0 = Release|Any CPU
		{FBAD7609-EC89-4625-8E53-070FC40638A5}.Debug|Any CPU.ActiveCfg = Debug|Any CPU
		{FBAD7609-EC89-4625-8E53-070FC40638A5}.Debug|Any CPU.Build.0 = Debug|Any CPU
		{FBAD7609-EC89-4625-8E53-070FC40638A5}.Release|Any CPU.ActiveCfg = Release|Any CPU
		{FBAD7609-EC89-4625-8E53-070FC40638A5}.Release|Any CPU.Build.0 = Release|Any CPU
		{1AC688B0-1262-40AD-94E8-E06170284620}.Debug|Any CPU.ActiveCfg = Debug|Any CPU
		{1AC688B0-1262-40AD-94E8-E06170284620}.Debug|Any CPU.Build.0 = Debug|Any CPU
		{1AC688B0-1262-40AD-94E8-E06170284620}.Release|Any CPU.ActiveCfg = Release|Any CPU
		{1AC688B0-1262-40AD-94E8-E06170284620}.Release|Any CPU.Build.0 = Release|Any CPU
		{6DAC72DB-4DC2-4985-8469-A960E86EF1D9}.Debug|Any CPU.ActiveCfg = Debug|Any CPU
		{6DAC72DB-4DC2-4985-8469-A960E86EF1D9}.Debug|Any CPU.Build.0 = Debug|Any CPU
		{6DAC72DB-4DC2-4985-8469-A960E86EF1D9}.Release|Any CPU.ActiveCfg = Release|Any CPU
		{6DAC72DB-4DC2-4985-8469-A960E86EF1D9}.Release|Any CPU.Build.0 = Release|Any CPU
		{AAA945B0-297D-450B-9E3B-766B41BEF111}.Debug|Any CPU.ActiveCfg = Debug|Any CPU
		{AAA945B0-297D-450B-9E3B-766B41BEF111}.Debug|Any CPU.Build.0 = Debug|Any CPU
		{AAA945B0-297D-450B-9E3B-766B41BEF111}.Release|Any CPU.ActiveCfg = Release|Any CPU
		{AAA945B0-297D-450B-9E3B-766B41BEF111}.Release|Any CPU.Build.0 = Release|Any CPU
		{64446B52-7410-448D-9039-336BE9BF0B83}.Debug|Any CPU.ActiveCfg = Debug|Any CPU
		{64446B52-7410-448D-9039-336BE9BF0B83}.Debug|Any CPU.Build.0 = Debug|Any CPU
		{64446B52-7410-448D-9039-336BE9BF0B83}.Release|Any CPU.ActiveCfg = Release|Any CPU
		{64446B52-7410-448D-9039-336BE9BF0B83}.Release|Any CPU.Build.0 = Release|Any CPU
		{A83F7976-9AD0-41D0-8926-BFFCB372749F}.Debug|Any CPU.ActiveCfg = Debug|Any CPU
		{A83F7976-9AD0-41D0-8926-BFFCB372749F}.Debug|Any CPU.Build.0 = Debug|Any CPU
		{A83F7976-9AD0-41D0-8926-BFFCB372749F}.Release|Any CPU.ActiveCfg = Release|Any CPU
		{A83F7976-9AD0-41D0-8926-BFFCB372749F}.Release|Any CPU.Build.0 = Release|Any CPU
		{615785E1-344B-49E0-A0B3-26A54D2DDC5F}.Debug|Any CPU.ActiveCfg = Debug|Any CPU
		{615785E1-344B-49E0-A0B3-26A54D2DDC5F}.Debug|Any CPU.Build.0 = Debug|Any CPU
		{615785E1-344B-49E0-A0B3-26A54D2DDC5F}.Release|Any CPU.ActiveCfg = Release|Any CPU
		{615785E1-344B-49E0-A0B3-26A54D2DDC5F}.Release|Any CPU.Build.0 = Release|Any CPU
		{24A9FFD4-D181-4C83-A7EA-0D3C67306289}.Debug|Any CPU.ActiveCfg = Debug|Any CPU
		{24A9FFD4-D181-4C83-A7EA-0D3C67306289}.Debug|Any CPU.Build.0 = Debug|Any CPU
		{24A9FFD4-D181-4C83-A7EA-0D3C67306289}.Release|Any CPU.ActiveCfg = Release|Any CPU
		{24A9FFD4-D181-4C83-A7EA-0D3C67306289}.Release|Any CPU.Build.0 = Release|Any CPU
		{DA316BF8-9819-4DBC-A71D-D52E00E23114}.Debug|Any CPU.ActiveCfg = Debug|Any CPU
		{DA316BF8-9819-4DBC-A71D-D52E00E23114}.Debug|Any CPU.Build.0 = Debug|Any CPU
		{DA316BF8-9819-4DBC-A71D-D52E00E23114}.Release|Any CPU.ActiveCfg = Release|Any CPU
		{DA316BF8-9819-4DBC-A71D-D52E00E23114}.Release|Any CPU.Build.0 = Release|Any CPU
		{9CD6A4DF-26BC-4A7F-B96B-6BB1EC56CBB5}.Debug|Any CPU.ActiveCfg = Debug|Any CPU
		{9CD6A4DF-26BC-4A7F-B96B-6BB1EC56CBB5}.Debug|Any CPU.Build.0 = Debug|Any CPU
		{9CD6A4DF-26BC-4A7F-B96B-6BB1EC56CBB5}.Release|Any CPU.ActiveCfg = Release|Any CPU
		{9CD6A4DF-26BC-4A7F-B96B-6BB1EC56CBB5}.Release|Any CPU.Build.0 = Release|Any CPU
		{95B609ED-109D-40B1-97A4-B62AEC2DF8A5}.Debug|Any CPU.ActiveCfg = Debug|Any CPU
		{95B609ED-109D-40B1-97A4-B62AEC2DF8A5}.Debug|Any CPU.Build.0 = Debug|Any CPU
		{95B609ED-109D-40B1-97A4-B62AEC2DF8A5}.Release|Any CPU.ActiveCfg = Release|Any CPU
		{95B609ED-109D-40B1-97A4-B62AEC2DF8A5}.Release|Any CPU.Build.0 = Release|Any CPU
		{38ED57AC-4414-47E4-8FAC-872B02519538}.Debug|Any CPU.ActiveCfg = Debug|Any CPU
		{38ED57AC-4414-47E4-8FAC-872B02519538}.Debug|Any CPU.Build.0 = Debug|Any CPU
		{38ED57AC-4414-47E4-8FAC-872B02519538}.Release|Any CPU.ActiveCfg = Release|Any CPU
		{38ED57AC-4414-47E4-8FAC-872B02519538}.Release|Any CPU.Build.0 = Release|Any CPU
		{8BFB7975-B821-477C-B113-C73FCBE716B9}.Debug|Any CPU.ActiveCfg = Debug|Any CPU
		{8BFB7975-B821-477C-B113-C73FCBE716B9}.Debug|Any CPU.Build.0 = Debug|Any CPU
		{8BFB7975-B821-477C-B113-C73FCBE716B9}.Release|Any CPU.ActiveCfg = Release|Any CPU
		{8BFB7975-B821-477C-B113-C73FCBE716B9}.Release|Any CPU.Build.0 = Release|Any CPU
		{332C850A-D9ED-4DA1-957F-7871B4FE3012}.Debug|Any CPU.ActiveCfg = Debug|Any CPU
		{332C850A-D9ED-4DA1-957F-7871B4FE3012}.Debug|Any CPU.Build.0 = Debug|Any CPU
		{332C850A-D9ED-4DA1-957F-7871B4FE3012}.Release|Any CPU.ActiveCfg = Release|Any CPU
		{332C850A-D9ED-4DA1-957F-7871B4FE3012}.Release|Any CPU.Build.0 = Release|Any CPU
		{47A73FFF-7E4E-434F-8CF4-5DF7446B2700}.Debug|Any CPU.ActiveCfg = Debug|Any CPU
		{47A73FFF-7E4E-434F-8CF4-5DF7446B2700}.Debug|Any CPU.Build.0 = Debug|Any CPU
		{47A73FFF-7E4E-434F-8CF4-5DF7446B2700}.Release|Any CPU.ActiveCfg = Release|Any CPU
		{47A73FFF-7E4E-434F-8CF4-5DF7446B2700}.Release|Any CPU.Build.0 = Release|Any CPU
		{B8E3C0DE-AC31-4605-8374-732AD5E04350}.Debug|Any CPU.ActiveCfg = Debug|Any CPU
		{B8E3C0DE-AC31-4605-8374-732AD5E04350}.Debug|Any CPU.Build.0 = Debug|Any CPU
		{B8E3C0DE-AC31-4605-8374-732AD5E04350}.Release|Any CPU.ActiveCfg = Release|Any CPU
		{B8E3C0DE-AC31-4605-8374-732AD5E04350}.Release|Any CPU.Build.0 = Release|Any CPU
		{963E4798-B0DA-4101-8A17-3FBEBA22BAEA}.Debug|Any CPU.ActiveCfg = Debug|Any CPU
		{963E4798-B0DA-4101-8A17-3FBEBA22BAEA}.Debug|Any CPU.Build.0 = Debug|Any CPU
		{963E4798-B0DA-4101-8A17-3FBEBA22BAEA}.Release|Any CPU.ActiveCfg = Release|Any CPU
		{963E4798-B0DA-4101-8A17-3FBEBA22BAEA}.Release|Any CPU.Build.0 = Release|Any CPU
		{972C2300-A6A3-49DA-A4AC-39B13ABD59AF}.Debug|Any CPU.ActiveCfg = Debug|Any CPU
		{972C2300-A6A3-49DA-A4AC-39B13ABD59AF}.Debug|Any CPU.Build.0 = Debug|Any CPU
		{972C2300-A6A3-49DA-A4AC-39B13ABD59AF}.Release|Any CPU.ActiveCfg = Release|Any CPU
		{972C2300-A6A3-49DA-A4AC-39B13ABD59AF}.Release|Any CPU.Build.0 = Release|Any CPU
		{E2A61995-EEE6-4659-AD74-AE559174C5EF}.Debug|Any CPU.ActiveCfg = Debug|Any CPU
		{E2A61995-EEE6-4659-AD74-AE559174C5EF}.Debug|Any CPU.Build.0 = Debug|Any CPU
		{E2A61995-EEE6-4659-AD74-AE559174C5EF}.Release|Any CPU.ActiveCfg = Release|Any CPU
		{E2A61995-EEE6-4659-AD74-AE559174C5EF}.Release|Any CPU.Build.0 = Release|Any CPU
		{9BBC2FC3-9092-4B02-90F9-E68EC18A9BFC}.Debug|Any CPU.ActiveCfg = Debug|Any CPU
		{9BBC2FC3-9092-4B02-90F9-E68EC18A9BFC}.Debug|Any CPU.Build.0 = Debug|Any CPU
		{9BBC2FC3-9092-4B02-90F9-E68EC18A9BFC}.Release|Any CPU.ActiveCfg = Release|Any CPU
		{9BBC2FC3-9092-4B02-90F9-E68EC18A9BFC}.Release|Any CPU.Build.0 = Release|Any CPU
		{C35509E7-8979-49CD-9604-5609F3E10AB1}.Debug|Any CPU.ActiveCfg = Debug|Any CPU
		{C35509E7-8979-49CD-9604-5609F3E10AB1}.Debug|Any CPU.Build.0 = Debug|Any CPU
		{C35509E7-8979-49CD-9604-5609F3E10AB1}.Release|Any CPU.ActiveCfg = Release|Any CPU
		{C35509E7-8979-49CD-9604-5609F3E10AB1}.Release|Any CPU.Build.0 = Release|Any CPU
		{8040FB40-3995-4EE9-B643-EAE9CCBE632E}.Debug|Any CPU.ActiveCfg = Debug|Any CPU
		{8040FB40-3995-4EE9-B643-EAE9CCBE632E}.Debug|Any CPU.Build.0 = Debug|Any CPU
		{8040FB40-3995-4EE9-B643-EAE9CCBE632E}.Release|Any CPU.ActiveCfg = Release|Any CPU
		{8040FB40-3995-4EE9-B643-EAE9CCBE632E}.Release|Any CPU.Build.0 = Release|Any CPU
	EndGlobalSection
	GlobalSection(SolutionProperties) = preSolution
		HideSolutionNode = FALSE
	EndGlobalSection
	GlobalSection(ExtensibilityGlobals) = postSolution
		SolutionGuid = {D919D21D-9D1C-4FA4-B1C4-0F71753D78F6}
	EndGlobalSection
EndGlobal
