
Microsoft Visual Studio Solution File, Format Version 12.00
# Visual Studio 2013
VisualStudioVersion = 12.0.31101.0
MinimumVisualStudioVersion = 10.0.40219.1
Project("{FAE04EC0-301F-11D3-BF4B-00C04F79EFBC}") = "Задача 1", "Задача 1\Задача 1.csproj", "{527E505A-38C5-490E-B8DF-E8669DC80290}"
EndProject
Project("{FAE04EC0-301F-11D3-BF4B-00C04F79EFBC}") = "Задача 2", "Задача 2\Задача 2.csproj", "{BB2FC7BA-DB8B-499E-A1CA-494681C1B3A7}"
EndProject
Project("{FAE04EC0-301F-11D3-BF4B-00C04F79EFBC}") = "Задача 3", "Задача 3\Задача 3.csproj", "{908E2FE7-2769-4F9E-9583-EA9E1219D1C7}"
EndProject
Project("{FAE04EC0-301F-11D3-BF4B-00C04F79EFBC}") = "Задача 5", "Задача 5\Задача 5.csproj", "{0A8131C6-AB58-45B1-B32F-C2AC65CA7A80}"
EndProject
Project("{FAE04EC0-301F-11D3-BF4B-00C04F79EFBC}") = "Задача 6", "Задача 6\Задача 6.csproj", "{50443515-C6AF-4EBE-9433-F33A37F33F1D}"
EndProject
Project("{FAE04EC0-301F-11D3-BF4B-00C04F79EFBC}") = "Задача 6_2", "Задача 6_2\Задача 6_2.csproj", "{9F615D40-0AC1-4C3C-B81D-AF41E3910136}"
EndProject
Project("{FAE04EC0-301F-11D3-BF4B-00C04F79EFBC}") = "Задача 11", "Задача 11\Задача 11.csproj", "{AD57938E-6648-4091-A7D5-7501FD505495}"
EndProject
Project("{FAE04EC0-301F-11D3-BF4B-00C04F79EFBC}") = "Задача 18", "Задача 18\Задача 18.csproj", "{897D734A-A28D-4420-944B-4D166E68128C}"
EndProject
Project("{FAE04EC0-301F-11D3-BF4B-00C04F79EFBC}") = "Задача 15", "Задача 15\Задача 15.csproj", "{9E1B43A8-365C-410E-90C1-546717AD860F}"
EndProject
Project("{FAE04EC0-301F-11D3-BF4B-00C04F79EFBC}") = "Задача 22", "Задача 22\Задача 22.csproj", "{3C4E6D46-0507-4651-A70F-CD6F37EACBB3}"
EndProject
Project("{FAE04EC0-301F-11D3-BF4B-00C04F79EFBC}") = "Задача  23", "Задача  23\Задача  23.csproj", "{40E1677A-0D1D-4C05-A9EA-AEC7D436903E}"
EndProject
Project("{FAE04EC0-301F-11D3-BF4B-00C04F79EFBC}") = "Задача 24", "Задача 24\Задача 24.csproj", "{00515D0C-E7E0-44B6-9714-6CEF1C37322A}"
EndProject
Project("{FAE04EC0-301F-11D3-BF4B-00C04F79EFBC}") = "Задача 32", "Задача 32\Задача 32.csproj", "{2C2A4DBA-538D-41DE-92D0-54ECFA6036BE}"
EndProject
Project("{FAE04EC0-301F-11D3-BF4B-00C04F79EFBC}") = "Задача 33", "Задача 33\Задача 33.csproj", "{9E6A7D09-F873-4A96-821F-00DCA492DBF3}"
EndProject
Global
	GlobalSection(SolutionConfigurationPlatforms) = preSolution
		Debug|Any CPU = Debug|Any CPU
		Release|Any CPU = Release|Any CPU
	EndGlobalSection
	GlobalSection(ProjectConfigurationPlatforms) = postSolution
		{527E505A-38C5-490E-B8DF-E8669DC80290}.Debug|Any CPU.ActiveCfg = Debug|Any CPU
		{527E505A-38C5-490E-B8DF-E8669DC80290}.Debug|Any CPU.Build.0 = Debug|Any CPU
		{527E505A-38C5-490E-B8DF-E8669DC80290}.Release|Any CPU.ActiveCfg = Release|Any CPU
		{527E505A-38C5-490E-B8DF-E8669DC80290}.Release|Any CPU.Build.0 = Release|Any CPU
		{BB2FC7BA-DB8B-499E-A1CA-494681C1B3A7}.Debug|Any CPU.ActiveCfg = Debug|Any CPU
		{BB2FC7BA-DB8B-499E-A1CA-494681C1B3A7}.Debug|Any CPU.Build.0 = Debug|Any CPU
		{BB2FC7BA-DB8B-499E-A1CA-494681C1B3A7}.Release|Any CPU.ActiveCfg = Release|Any CPU
		{BB2FC7BA-DB8B-499E-A1CA-494681C1B3A7}.Release|Any CPU.Build.0 = Release|Any CPU
		{908E2FE7-2769-4F9E-9583-EA9E1219D1C7}.Debug|Any CPU.ActiveCfg = Debug|Any CPU
		{908E2FE7-2769-4F9E-9583-EA9E1219D1C7}.Debug|Any CPU.Build.0 = Debug|Any CPU
		{908E2FE7-2769-4F9E-9583-EA9E1219D1C7}.Release|Any CPU.ActiveCfg = Release|Any CPU
		{908E2FE7-2769-4F9E-9583-EA9E1219D1C7}.Release|Any CPU.Build.0 = Release|Any CPU
		{0A8131C6-AB58-45B1-B32F-C2AC65CA7A80}.Debug|Any CPU.ActiveCfg = Debug|Any CPU
		{0A8131C6-AB58-45B1-B32F-C2AC65CA7A80}.Debug|Any CPU.Build.0 = Debug|Any CPU
		{0A8131C6-AB58-45B1-B32F-C2AC65CA7A80}.Release|Any CPU.ActiveCfg = Release|Any CPU
		{0A8131C6-AB58-45B1-B32F-C2AC65CA7A80}.Release|Any CPU.Build.0 = Release|Any CPU
		{50443515-C6AF-4EBE-9433-F33A37F33F1D}.Debug|Any CPU.ActiveCfg = Debug|Any CPU
		{50443515-C6AF-4EBE-9433-F33A37F33F1D}.Debug|Any CPU.Build.0 = Debug|Any CPU
		{50443515-C6AF-4EBE-9433-F33A37F33F1D}.Release|Any CPU.ActiveCfg = Release|Any CPU
		{50443515-C6AF-4EBE-9433-F33A37F33F1D}.Release|Any CPU.Build.0 = Release|Any CPU
		{9F615D40-0AC1-4C3C-B81D-AF41E3910136}.Debug|Any CPU.ActiveCfg = Debug|Any CPU
		{9F615D40-0AC1-4C3C-B81D-AF41E3910136}.Debug|Any CPU.Build.0 = Debug|Any CPU
		{9F615D40-0AC1-4C3C-B81D-AF41E3910136}.Release|Any CPU.ActiveCfg = Release|Any CPU
		{9F615D40-0AC1-4C3C-B81D-AF41E3910136}.Release|Any CPU.Build.0 = Release|Any CPU
		{AD57938E-6648-4091-A7D5-7501FD505495}.Debug|Any CPU.ActiveCfg = Debug|Any CPU
		{AD57938E-6648-4091-A7D5-7501FD505495}.Debug|Any CPU.Build.0 = Debug|Any CPU
		{AD57938E-6648-4091-A7D5-7501FD505495}.Release|Any CPU.ActiveCfg = Release|Any CPU
		{AD57938E-6648-4091-A7D5-7501FD505495}.Release|Any CPU.Build.0 = Release|Any CPU
		{897D734A-A28D-4420-944B-4D166E68128C}.Debug|Any CPU.ActiveCfg = Debug|Any CPU
		{897D734A-A28D-4420-944B-4D166E68128C}.Debug|Any CPU.Build.0 = Debug|Any CPU
		{897D734A-A28D-4420-944B-4D166E68128C}.Release|Any CPU.ActiveCfg = Release|Any CPU
		{897D734A-A28D-4420-944B-4D166E68128C}.Release|Any CPU.Build.0 = Release|Any CPU
		{9E1B43A8-365C-410E-90C1-546717AD860F}.Debug|Any CPU.ActiveCfg = Debug|Any CPU
		{9E1B43A8-365C-410E-90C1-546717AD860F}.Debug|Any CPU.Build.0 = Debug|Any CPU
		{9E1B43A8-365C-410E-90C1-546717AD860F}.Release|Any CPU.ActiveCfg = Release|Any CPU
		{9E1B43A8-365C-410E-90C1-546717AD860F}.Release|Any CPU.Build.0 = Release|Any CPU
		{3C4E6D46-0507-4651-A70F-CD6F37EACBB3}.Debug|Any CPU.ActiveCfg = Debug|Any CPU
		{3C4E6D46-0507-4651-A70F-CD6F37EACBB3}.Debug|Any CPU.Build.0 = Debug|Any CPU
		{3C4E6D46-0507-4651-A70F-CD6F37EACBB3}.Release|Any CPU.ActiveCfg = Release|Any CPU
		{3C4E6D46-0507-4651-A70F-CD6F37EACBB3}.Release|Any CPU.Build.0 = Release|Any CPU
		{40E1677A-0D1D-4C05-A9EA-AEC7D436903E}.Debug|Any CPU.ActiveCfg = Debug|Any CPU
		{40E1677A-0D1D-4C05-A9EA-AEC7D436903E}.Debug|Any CPU.Build.0 = Debug|Any CPU
		{40E1677A-0D1D-4C05-A9EA-AEC7D436903E}.Release|Any CPU.ActiveCfg = Release|Any CPU
		{40E1677A-0D1D-4C05-A9EA-AEC7D436903E}.Release|Any CPU.Build.0 = Release|Any CPU
		{00515D0C-E7E0-44B6-9714-6CEF1C37322A}.Debug|Any CPU.ActiveCfg = Debug|Any CPU
		{00515D0C-E7E0-44B6-9714-6CEF1C37322A}.Debug|Any CPU.Build.0 = Debug|Any CPU
		{00515D0C-E7E0-44B6-9714-6CEF1C37322A}.Release|Any CPU.ActiveCfg = Release|Any CPU
		{00515D0C-E7E0-44B6-9714-6CEF1C37322A}.Release|Any CPU.Build.0 = Release|Any CPU
		{2C2A4DBA-538D-41DE-92D0-54ECFA6036BE}.Debug|Any CPU.ActiveCfg = Debug|Any CPU
		{2C2A4DBA-538D-41DE-92D0-54ECFA6036BE}.Debug|Any CPU.Build.0 = Debug|Any CPU
		{2C2A4DBA-538D-41DE-92D0-54ECFA6036BE}.Release|Any CPU.ActiveCfg = Release|Any CPU
		{2C2A4DBA-538D-41DE-92D0-54ECFA6036BE}.Release|Any CPU.Build.0 = Release|Any CPU
		{9E6A7D09-F873-4A96-821F-00DCA492DBF3}.Debug|Any CPU.ActiveCfg = Debug|Any CPU
		{9E6A7D09-F873-4A96-821F-00DCA492DBF3}.Debug|Any CPU.Build.0 = Debug|Any CPU
		{9E6A7D09-F873-4A96-821F-00DCA492DBF3}.Release|Any CPU.ActiveCfg = Release|Any CPU
		{9E6A7D09-F873-4A96-821F-00DCA492DBF3}.Release|Any CPU.Build.0 = Release|Any CPU
	EndGlobalSection
	GlobalSection(SolutionProperties) = preSolution
		HideSolutionNode = FALSE
	EndGlobalSection
EndGlobal
