
Microsoft Visual Studio Solution File, Format Version 12.00
# Visual Studio 15
VisualStudioVersion = 15.0.27428.2015
MinimumVisualStudioVersion = 10.0.40219.1
Project("{FAE04EC0-301F-11D3-BF4B-00C04F79EFBC}") = "Задание 1", "Задание 1\Задание 1.csproj", "{45BDCE29-133B-468E-B984-24931B0E1CC7}"
EndProject
Project("{FAE04EC0-301F-11D3-BF4B-00C04F79EFBC}") = "Задача 2", "Задача 2\Задача 2.csproj", "{3148529A-55A6-4D18-B470-E7BA83D152C4}"
EndProject
Project("{FAE04EC0-301F-11D3-BF4B-00C04F79EFBC}") = "Задача 5", "Задача 5\Задача 5.csproj", "{F5BD0147-B9D7-4B92-9C41-0A634469BE73}"
EndProject
Project("{FAE04EC0-301F-11D3-BF4B-00C04F79EFBC}") = "Задача 6", "Задача 6\Задача 6.csproj", "{2B9FCBE3-5900-4FD2-AAB9-83A45DAB4B27}"
EndProject
Project("{FAE04EC0-301F-11D3-BF4B-00C04F79EFBC}") = "Задача 9", "Задача 9\Задача 9.csproj", "{4DBB829F-F38E-40A5-B5BC-1A172E5279E9}"
EndProject
Project("{FAE04EC0-301F-11D3-BF4B-00C04F79EFBC}") = "Задача 15", "Задача 15\Задача 15.csproj", "{18BFEA2C-5B47-4409-9079-019D117C3C38}"
EndProject
Project("{FAE04EC0-301F-11D3-BF4B-00C04F79EFBC}") = "Задача 3", "Задача 3\Задача 3.csproj", "{86D2C36C-863B-431D-B600-907AA873CC91}"
EndProject
Project("{FAE04EC0-301F-11D3-BF4B-00C04F79EFBC}") = "Задача 4", "Задача 4\Задача 4.csproj", "{0311658A-2772-41E3-8547-1C2BB6AF9658}"
EndProject
Project("{FAE04EC0-301F-11D3-BF4B-00C04F79EFBC}") = "Задача 7", "Задача 7\Задача 7.csproj", "{A895F332-DD18-4F9A-A30B-5D8E7DEF45FF}"
EndProject
Project("{FAE04EC0-301F-11D3-BF4B-00C04F79EFBC}") = "Задача 8", "Задача 8\Задача 8.csproj", "{E87F464C-8BC6-41A8-8600-8065C241FFB7}"
EndProject
Project("{FAE04EC0-301F-11D3-BF4B-00C04F79EFBC}") = "Задача 11", "Задача 11\Задача 11.csproj", "{27FEB921-1AB3-4C44-8854-DC48159E7A80}"
EndProject
Project("{FAE04EC0-301F-11D3-BF4B-00C04F79EFBC}") = "задача 13", "задача 13\задача 13.csproj", "{ED026A91-CE40-4D1C-91FF-8443B70CC14C}"
EndProject
Project("{FAE04EC0-301F-11D3-BF4B-00C04F79EFBC}") = "задача 16", "задача 16\задача 16.csproj", "{D9B8096A-B858-450F-9B22-65959C3ECA94}"
EndProject
Project("{FAE04EC0-301F-11D3-BF4B-00C04F79EFBC}") = "задача 17", "задача 17\задача 17.csproj", "{57E18631-9936-452B-A962-3085BA1BCCC7}"
EndProject
Project("{FAE04EC0-301F-11D3-BF4B-00C04F79EFBC}") = "задача 20", "задача 20\задача 20.csproj", "{3F9360CB-D499-4368-8C10-87AAD0BFE6B9}"
EndProject
Project("{FAE04EC0-301F-11D3-BF4B-00C04F79EFBC}") = "задача 23", "задача 23\задача 23.csproj", "{27986ED2-D0C2-4D01-B8F0-A38351B1BBCC}"
EndProject
Project("{FAE04EC0-301F-11D3-BF4B-00C04F79EFBC}") = "Задача 2_2", "Задача 2_2\Задача 2_2.csproj", "{6C0A747D-E5CF-41A2-8F9C-C4C3D4A90DF0}"
EndProject
Project("{FAE04EC0-301F-11D3-BF4B-00C04F79EFBC}") = "Задача 4_4", "Задача 4_4\Задача 4_4.csproj", "{315EE4BE-9F3C-45F3-AB0C-425CA2DE1232}"
EndProject
Project("{FAE04EC0-301F-11D3-BF4B-00C04F79EFBC}") = "Задача 12", "Задача 12\Задача 12.csproj", "{BF40C2D2-73CA-415E-9F2C-DA6424D2B0BD}"
EndProject
Project("{FAE04EC0-301F-11D3-BF4B-00C04F79EFBC}") = "Задача 14", "Задача 14\Задача 14.csproj", "{A6D48667-7562-4301-B35C-7D442CB52309}"
EndProject
Project("{FAE04EC0-301F-11D3-BF4B-00C04F79EFBC}") = "Задача 18", "Задача 18\Задача 18.csproj", "{D0EADE77-2057-4A54-9428-F634E627B6EB}"
EndProject
Project("{FAE04EC0-301F-11D3-BF4B-00C04F79EFBC}") = "Задача 19", "Задача 19\Задача 19.csproj", "{FDECCD82-A47E-49A5-A684-A2A0B2ED748D}"
EndProject
Project("{FAE04EC0-301F-11D3-BF4B-00C04F79EFBC}") = "Задача 21", "Задача 21\Задача 21.csproj", "{8C6AFE2C-F4BF-4618-A2B3-08B130C7A6A7}"
EndProject
Project("{FAE04EC0-301F-11D3-BF4B-00C04F79EFBC}") = "задача 22", "задача 22\задача 22.csproj", "{1CE1D7A7-A05A-4D6A-A72C-C1A33BCC1416}"
EndProject
Project("{FAE04EC0-301F-11D3-BF4B-00C04F79EFBC}") = "задача 24", "задача 24\задача 24.csproj", "{19330E58-2EB2-49FE-B2EA-39A4806EDA75}"
EndProject
Project("{FAE04EC0-301F-11D3-BF4B-00C04F79EFBC}") = "Задача 28", "Задача 28\Задача 28.csproj", "{45F3E877-9433-4397-9342-090B976B8C9C}"
EndProject
Project("{FAE04EC0-301F-11D3-BF4B-00C04F79EFBC}") = "Задача 25", "Задача 25\Задача 25.csproj", "{2B1B1CC2-72B8-4266-B09D-8959BB4017EC}"
EndProject
Project("{FAE04EC0-301F-11D3-BF4B-00C04F79EFBC}") = "Задача 26", "Задача 26\Задача 26.csproj", "{0D3EC1D8-9EAD-4AA7-BE0D-3FDE209639B5}"
EndProject
Project("{FAE04EC0-301F-11D3-BF4B-00C04F79EFBC}") = "Задача 27", "Задача 27\Задача 27.csproj", "{3674CD99-CE41-4C3F-B92A-912682665CA7}"
EndProject
Project("{FAE04EC0-301F-11D3-BF4B-00C04F79EFBC}") = "Задача 30", "Задача 30\Задача 30.csproj", "{6035BEA4-36D4-479D-9FA8-1120301743D5}"
EndProject
Project("{FAE04EC0-301F-11D3-BF4B-00C04F79EFBC}") = "Задача 31", "Задача 31\Задача 31.csproj", "{AFB8544E-4AAB-4993-909B-C5270AA2D164}"
EndProject
Project("{FAE04EC0-301F-11D3-BF4B-00C04F79EFBC}") = "Задача 32", "Задача 32\Задача 32.csproj", "{1C58DEB0-D4CD-4226-BA8D-F70D750017DD}"
EndProject
Global
	GlobalSection(SolutionConfigurationPlatforms) = preSolution
		Debug|Any CPU = Debug|Any CPU
		Release|Any CPU = Release|Any CPU
	EndGlobalSection
	GlobalSection(ProjectConfigurationPlatforms) = postSolution
		{45BDCE29-133B-468E-B984-24931B0E1CC7}.Debug|Any CPU.ActiveCfg = Debug|Any CPU
		{45BDCE29-133B-468E-B984-24931B0E1CC7}.Debug|Any CPU.Build.0 = Debug|Any CPU
		{45BDCE29-133B-468E-B984-24931B0E1CC7}.Release|Any CPU.ActiveCfg = Release|Any CPU
		{45BDCE29-133B-468E-B984-24931B0E1CC7}.Release|Any CPU.Build.0 = Release|Any CPU
		{3148529A-55A6-4D18-B470-E7BA83D152C4}.Debug|Any CPU.ActiveCfg = Debug|Any CPU
		{3148529A-55A6-4D18-B470-E7BA83D152C4}.Debug|Any CPU.Build.0 = Debug|Any CPU
		{3148529A-55A6-4D18-B470-E7BA83D152C4}.Release|Any CPU.ActiveCfg = Release|Any CPU
		{3148529A-55A6-4D18-B470-E7BA83D152C4}.Release|Any CPU.Build.0 = Release|Any CPU
		{F5BD0147-B9D7-4B92-9C41-0A634469BE73}.Debug|Any CPU.ActiveCfg = Debug|Any CPU
		{F5BD0147-B9D7-4B92-9C41-0A634469BE73}.Debug|Any CPU.Build.0 = Debug|Any CPU
		{F5BD0147-B9D7-4B92-9C41-0A634469BE73}.Release|Any CPU.ActiveCfg = Release|Any CPU
		{F5BD0147-B9D7-4B92-9C41-0A634469BE73}.Release|Any CPU.Build.0 = Release|Any CPU
		{2B9FCBE3-5900-4FD2-AAB9-83A45DAB4B27}.Debug|Any CPU.ActiveCfg = Debug|Any CPU
		{2B9FCBE3-5900-4FD2-AAB9-83A45DAB4B27}.Debug|Any CPU.Build.0 = Debug|Any CPU
		{2B9FCBE3-5900-4FD2-AAB9-83A45DAB4B27}.Release|Any CPU.ActiveCfg = Release|Any CPU
		{2B9FCBE3-5900-4FD2-AAB9-83A45DAB4B27}.Release|Any CPU.Build.0 = Release|Any CPU
		{4DBB829F-F38E-40A5-B5BC-1A172E5279E9}.Debug|Any CPU.ActiveCfg = Debug|Any CPU
		{4DBB829F-F38E-40A5-B5BC-1A172E5279E9}.Debug|Any CPU.Build.0 = Debug|Any CPU
		{4DBB829F-F38E-40A5-B5BC-1A172E5279E9}.Release|Any CPU.ActiveCfg = Release|Any CPU
		{4DBB829F-F38E-40A5-B5BC-1A172E5279E9}.Release|Any CPU.Build.0 = Release|Any CPU
		{18BFEA2C-5B47-4409-9079-019D117C3C38}.Debug|Any CPU.ActiveCfg = Debug|Any CPU
		{18BFEA2C-5B47-4409-9079-019D117C3C38}.Debug|Any CPU.Build.0 = Debug|Any CPU
		{18BFEA2C-5B47-4409-9079-019D117C3C38}.Release|Any CPU.ActiveCfg = Release|Any CPU
		{18BFEA2C-5B47-4409-9079-019D117C3C38}.Release|Any CPU.Build.0 = Release|Any CPU
		{86D2C36C-863B-431D-B600-907AA873CC91}.Debug|Any CPU.ActiveCfg = Debug|Any CPU
		{86D2C36C-863B-431D-B600-907AA873CC91}.Debug|Any CPU.Build.0 = Debug|Any CPU
		{86D2C36C-863B-431D-B600-907AA873CC91}.Release|Any CPU.ActiveCfg = Release|Any CPU
		{86D2C36C-863B-431D-B600-907AA873CC91}.Release|Any CPU.Build.0 = Release|Any CPU
		{0311658A-2772-41E3-8547-1C2BB6AF9658}.Debug|Any CPU.ActiveCfg = Debug|Any CPU
		{0311658A-2772-41E3-8547-1C2BB6AF9658}.Debug|Any CPU.Build.0 = Debug|Any CPU
		{0311658A-2772-41E3-8547-1C2BB6AF9658}.Release|Any CPU.ActiveCfg = Release|Any CPU
		{0311658A-2772-41E3-8547-1C2BB6AF9658}.Release|Any CPU.Build.0 = Release|Any CPU
		{A895F332-DD18-4F9A-A30B-5D8E7DEF45FF}.Debug|Any CPU.ActiveCfg = Debug|Any CPU
		{A895F332-DD18-4F9A-A30B-5D8E7DEF45FF}.Debug|Any CPU.Build.0 = Debug|Any CPU
		{A895F332-DD18-4F9A-A30B-5D8E7DEF45FF}.Release|Any CPU.ActiveCfg = Release|Any CPU
		{A895F332-DD18-4F9A-A30B-5D8E7DEF45FF}.Release|Any CPU.Build.0 = Release|Any CPU
		{E87F464C-8BC6-41A8-8600-8065C241FFB7}.Debug|Any CPU.ActiveCfg = Debug|Any CPU
		{E87F464C-8BC6-41A8-8600-8065C241FFB7}.Debug|Any CPU.Build.0 = Debug|Any CPU
		{E87F464C-8BC6-41A8-8600-8065C241FFB7}.Release|Any CPU.ActiveCfg = Release|Any CPU
		{E87F464C-8BC6-41A8-8600-8065C241FFB7}.Release|Any CPU.Build.0 = Release|Any CPU
		{27FEB921-1AB3-4C44-8854-DC48159E7A80}.Debug|Any CPU.ActiveCfg = Debug|Any CPU
		{27FEB921-1AB3-4C44-8854-DC48159E7A80}.Debug|Any CPU.Build.0 = Debug|Any CPU
		{27FEB921-1AB3-4C44-8854-DC48159E7A80}.Release|Any CPU.ActiveCfg = Release|Any CPU
		{27FEB921-1AB3-4C44-8854-DC48159E7A80}.Release|Any CPU.Build.0 = Release|Any CPU
		{ED026A91-CE40-4D1C-91FF-8443B70CC14C}.Debug|Any CPU.ActiveCfg = Debug|Any CPU
		{ED026A91-CE40-4D1C-91FF-8443B70CC14C}.Debug|Any CPU.Build.0 = Debug|Any CPU
		{ED026A91-CE40-4D1C-91FF-8443B70CC14C}.Release|Any CPU.ActiveCfg = Release|Any CPU
		{ED026A91-CE40-4D1C-91FF-8443B70CC14C}.Release|Any CPU.Build.0 = Release|Any CPU
		{D9B8096A-B858-450F-9B22-65959C3ECA94}.Debug|Any CPU.ActiveCfg = Debug|Any CPU
		{D9B8096A-B858-450F-9B22-65959C3ECA94}.Debug|Any CPU.Build.0 = Debug|Any CPU
		{D9B8096A-B858-450F-9B22-65959C3ECA94}.Release|Any CPU.ActiveCfg = Release|Any CPU
		{D9B8096A-B858-450F-9B22-65959C3ECA94}.Release|Any CPU.Build.0 = Release|Any CPU
		{57E18631-9936-452B-A962-3085BA1BCCC7}.Debug|Any CPU.ActiveCfg = Debug|Any CPU
		{57E18631-9936-452B-A962-3085BA1BCCC7}.Debug|Any CPU.Build.0 = Debug|Any CPU
		{57E18631-9936-452B-A962-3085BA1BCCC7}.Release|Any CPU.ActiveCfg = Release|Any CPU
		{57E18631-9936-452B-A962-3085BA1BCCC7}.Release|Any CPU.Build.0 = Release|Any CPU
		{3F9360CB-D499-4368-8C10-87AAD0BFE6B9}.Debug|Any CPU.ActiveCfg = Debug|Any CPU
		{3F9360CB-D499-4368-8C10-87AAD0BFE6B9}.Debug|Any CPU.Build.0 = Debug|Any CPU
		{3F9360CB-D499-4368-8C10-87AAD0BFE6B9}.Release|Any CPU.ActiveCfg = Release|Any CPU
		{3F9360CB-D499-4368-8C10-87AAD0BFE6B9}.Release|Any CPU.Build.0 = Release|Any CPU
		{27986ED2-D0C2-4D01-B8F0-A38351B1BBCC}.Debug|Any CPU.ActiveCfg = Debug|Any CPU
		{27986ED2-D0C2-4D01-B8F0-A38351B1BBCC}.Debug|Any CPU.Build.0 = Debug|Any CPU
		{27986ED2-D0C2-4D01-B8F0-A38351B1BBCC}.Release|Any CPU.ActiveCfg = Release|Any CPU
		{27986ED2-D0C2-4D01-B8F0-A38351B1BBCC}.Release|Any CPU.Build.0 = Release|Any CPU
		{6C0A747D-E5CF-41A2-8F9C-C4C3D4A90DF0}.Debug|Any CPU.ActiveCfg = Debug|Any CPU
		{6C0A747D-E5CF-41A2-8F9C-C4C3D4A90DF0}.Debug|Any CPU.Build.0 = Debug|Any CPU
		{6C0A747D-E5CF-41A2-8F9C-C4C3D4A90DF0}.Release|Any CPU.ActiveCfg = Release|Any CPU
		{6C0A747D-E5CF-41A2-8F9C-C4C3D4A90DF0}.Release|Any CPU.Build.0 = Release|Any CPU
		{315EE4BE-9F3C-45F3-AB0C-425CA2DE1232}.Debug|Any CPU.ActiveCfg = Debug|Any CPU
		{315EE4BE-9F3C-45F3-AB0C-425CA2DE1232}.Debug|Any CPU.Build.0 = Debug|Any CPU
		{315EE4BE-9F3C-45F3-AB0C-425CA2DE1232}.Release|Any CPU.ActiveCfg = Release|Any CPU
		{315EE4BE-9F3C-45F3-AB0C-425CA2DE1232}.Release|Any CPU.Build.0 = Release|Any CPU
		{BF40C2D2-73CA-415E-9F2C-DA6424D2B0BD}.Debug|Any CPU.ActiveCfg = Debug|Any CPU
		{BF40C2D2-73CA-415E-9F2C-DA6424D2B0BD}.Debug|Any CPU.Build.0 = Debug|Any CPU
		{BF40C2D2-73CA-415E-9F2C-DA6424D2B0BD}.Release|Any CPU.ActiveCfg = Release|Any CPU
		{BF40C2D2-73CA-415E-9F2C-DA6424D2B0BD}.Release|Any CPU.Build.0 = Release|Any CPU
		{A6D48667-7562-4301-B35C-7D442CB52309}.Debug|Any CPU.ActiveCfg = Debug|Any CPU
		{A6D48667-7562-4301-B35C-7D442CB52309}.Debug|Any CPU.Build.0 = Debug|Any CPU
		{A6D48667-7562-4301-B35C-7D442CB52309}.Release|Any CPU.ActiveCfg = Release|Any CPU
		{A6D48667-7562-4301-B35C-7D442CB52309}.Release|Any CPU.Build.0 = Release|Any CPU
		{D0EADE77-2057-4A54-9428-F634E627B6EB}.Debug|Any CPU.ActiveCfg = Debug|Any CPU
		{D0EADE77-2057-4A54-9428-F634E627B6EB}.Debug|Any CPU.Build.0 = Debug|Any CPU
		{D0EADE77-2057-4A54-9428-F634E627B6EB}.Release|Any CPU.ActiveCfg = Release|Any CPU
		{D0EADE77-2057-4A54-9428-F634E627B6EB}.Release|Any CPU.Build.0 = Release|Any CPU
		{FDECCD82-A47E-49A5-A684-A2A0B2ED748D}.Debug|Any CPU.ActiveCfg = Debug|Any CPU
		{FDECCD82-A47E-49A5-A684-A2A0B2ED748D}.Debug|Any CPU.Build.0 = Debug|Any CPU
		{FDECCD82-A47E-49A5-A684-A2A0B2ED748D}.Release|Any CPU.ActiveCfg = Release|Any CPU
		{FDECCD82-A47E-49A5-A684-A2A0B2ED748D}.Release|Any CPU.Build.0 = Release|Any CPU
		{8C6AFE2C-F4BF-4618-A2B3-08B130C7A6A7}.Debug|Any CPU.ActiveCfg = Debug|Any CPU
		{8C6AFE2C-F4BF-4618-A2B3-08B130C7A6A7}.Debug|Any CPU.Build.0 = Debug|Any CPU
		{8C6AFE2C-F4BF-4618-A2B3-08B130C7A6A7}.Release|Any CPU.ActiveCfg = Release|Any CPU
		{8C6AFE2C-F4BF-4618-A2B3-08B130C7A6A7}.Release|Any CPU.Build.0 = Release|Any CPU
		{1CE1D7A7-A05A-4D6A-A72C-C1A33BCC1416}.Debug|Any CPU.ActiveCfg = Debug|Any CPU
		{1CE1D7A7-A05A-4D6A-A72C-C1A33BCC1416}.Debug|Any CPU.Build.0 = Debug|Any CPU
		{1CE1D7A7-A05A-4D6A-A72C-C1A33BCC1416}.Release|Any CPU.ActiveCfg = Release|Any CPU
		{1CE1D7A7-A05A-4D6A-A72C-C1A33BCC1416}.Release|Any CPU.Build.0 = Release|Any CPU
		{19330E58-2EB2-49FE-B2EA-39A4806EDA75}.Debug|Any CPU.ActiveCfg = Debug|Any CPU
		{19330E58-2EB2-49FE-B2EA-39A4806EDA75}.Debug|Any CPU.Build.0 = Debug|Any CPU
		{19330E58-2EB2-49FE-B2EA-39A4806EDA75}.Release|Any CPU.ActiveCfg = Release|Any CPU
		{19330E58-2EB2-49FE-B2EA-39A4806EDA75}.Release|Any CPU.Build.0 = Release|Any CPU
		{45F3E877-9433-4397-9342-090B976B8C9C}.Debug|Any CPU.ActiveCfg = Debug|Any CPU
		{45F3E877-9433-4397-9342-090B976B8C9C}.Debug|Any CPU.Build.0 = Debug|Any CPU
		{45F3E877-9433-4397-9342-090B976B8C9C}.Release|Any CPU.ActiveCfg = Release|Any CPU
		{45F3E877-9433-4397-9342-090B976B8C9C}.Release|Any CPU.Build.0 = Release|Any CPU
		{2B1B1CC2-72B8-4266-B09D-8959BB4017EC}.Debug|Any CPU.ActiveCfg = Debug|Any CPU
		{2B1B1CC2-72B8-4266-B09D-8959BB4017EC}.Debug|Any CPU.Build.0 = Debug|Any CPU
		{2B1B1CC2-72B8-4266-B09D-8959BB4017EC}.Release|Any CPU.ActiveCfg = Release|Any CPU
		{2B1B1CC2-72B8-4266-B09D-8959BB4017EC}.Release|Any CPU.Build.0 = Release|Any CPU
		{0D3EC1D8-9EAD-4AA7-BE0D-3FDE209639B5}.Debug|Any CPU.ActiveCfg = Debug|Any CPU
		{0D3EC1D8-9EAD-4AA7-BE0D-3FDE209639B5}.Debug|Any CPU.Build.0 = Debug|Any CPU
		{0D3EC1D8-9EAD-4AA7-BE0D-3FDE209639B5}.Release|Any CPU.ActiveCfg = Release|Any CPU
		{0D3EC1D8-9EAD-4AA7-BE0D-3FDE209639B5}.Release|Any CPU.Build.0 = Release|Any CPU
		{3674CD99-CE41-4C3F-B92A-912682665CA7}.Debug|Any CPU.ActiveCfg = Debug|Any CPU
		{3674CD99-CE41-4C3F-B92A-912682665CA7}.Debug|Any CPU.Build.0 = Debug|Any CPU
		{3674CD99-CE41-4C3F-B92A-912682665CA7}.Release|Any CPU.ActiveCfg = Release|Any CPU
		{3674CD99-CE41-4C3F-B92A-912682665CA7}.Release|Any CPU.Build.0 = Release|Any CPU
		{6035BEA4-36D4-479D-9FA8-1120301743D5}.Debug|Any CPU.ActiveCfg = Debug|Any CPU
		{6035BEA4-36D4-479D-9FA8-1120301743D5}.Debug|Any CPU.Build.0 = Debug|Any CPU
		{6035BEA4-36D4-479D-9FA8-1120301743D5}.Release|Any CPU.ActiveCfg = Release|Any CPU
		{6035BEA4-36D4-479D-9FA8-1120301743D5}.Release|Any CPU.Build.0 = Release|Any CPU
		{AFB8544E-4AAB-4993-909B-C5270AA2D164}.Debug|Any CPU.ActiveCfg = Debug|Any CPU
		{AFB8544E-4AAB-4993-909B-C5270AA2D164}.Debug|Any CPU.Build.0 = Debug|Any CPU
		{AFB8544E-4AAB-4993-909B-C5270AA2D164}.Release|Any CPU.ActiveCfg = Release|Any CPU
		{AFB8544E-4AAB-4993-909B-C5270AA2D164}.Release|Any CPU.Build.0 = Release|Any CPU
		{1C58DEB0-D4CD-4226-BA8D-F70D750017DD}.Debug|Any CPU.ActiveCfg = Debug|Any CPU
		{1C58DEB0-D4CD-4226-BA8D-F70D750017DD}.Debug|Any CPU.Build.0 = Debug|Any CPU
		{1C58DEB0-D4CD-4226-BA8D-F70D750017DD}.Release|Any CPU.ActiveCfg = Release|Any CPU
		{1C58DEB0-D4CD-4226-BA8D-F70D750017DD}.Release|Any CPU.Build.0 = Release|Any CPU
	EndGlobalSection
	GlobalSection(SolutionProperties) = preSolution
		HideSolutionNode = FALSE
	EndGlobalSection
	GlobalSection(ExtensibilityGlobals) = postSolution
		SolutionGuid = {9625213C-58CD-4C8A-B782-EFF34FC35C14}
	EndGlobalSection
EndGlobal
